github.com/32bitkid/bitreader v0.0.0-20190826143208-adb7166c108c h1:BenAZjzeneEh9XKvPGm6NBpmgyNg2+DvyKMmUf3Hbf0=
github.com/32bitkid/bitreader v0.0.0-20190826143208-adb7166c108c/go.mod h1:/f3zY7lVofN23ZcM80fEiNJXjOZrPxRrsa6mLLleEKg=
github.com/BurntSushi/toml v0.3.1/go.mod h1:xHWCNGjB5oqiDr8zfno3MHue2Ht5sIBksp03qcyfWMU=
github.com/lib/pq v1.2.0 h1:LXpIM/LZ5xGFhOpXAQUIMM1HdyqzVYM13zNdjCEEcA0=
github.com/lib/pq v1.2.0/go.mod h1:5WUZQaWbwv1U+lTReE5YruASi9Al49XbQIvNi/34Woo=
github.com/secmask/go-redisproto v0.1.0 h1:hOMwrBCipUSpK+f3RG/MxTcGFEOO6Oig5ZXOAewn9M4=
github.com/secmask/go-redisproto v0.1.0/go.mod h1:jdj5Hw1t1c0xGmYOf3Rv4sM/nhbIP3RypZ29jGZjZ5A=
github.com/urfave/cli v1.21.0 h1:wYSSj06510qPIzGSua9ZqsncMmWE3Zr55KBERygyrxE=
github.com/urfave/cli v1.21.0/go.mod h1:lxDj6qX9Q6lWQxIrbrT0nwecwUtRnhVZAJjJZrVUZZQ=
gopkg.in/check.v1 v0.0.0-20161208181325-20d25e280405/go.mod h1:Co6ibVJAznAaIkqp8huTwlJQCZ016jof/cbN4VW5Yz0=
gopkg.in/yaml.v2 v2.2.2/go.mod h1:hI93XBmqTisBFMUTm0b8Fm+jr3Dg1NNxqwp+5A1VGuI=
